
Microsoft Visual Studio Solution File, Format Version 12.00
# Visual Studio Version 17
VisualStudioVersion = 17.4.33213.308
MinimumVisualStudioVersion = 10.0.40219.1
Project("{FAE04EC0-301F-11D3-BF4B-00C04F79EFBC}") = "NoteBookProg", "NoteBookProg\NoteBookProg.csproj", "{448BEA5C-1AF6-43A9-8922-EDF901115056}"
EndProject
Global
	GlobalSection(SolutionConfigurationPlatforms) = preSolution
		Debug|Any CPU = Debug|Any CPU
		Release|Any CPU = Release|Any CPU
	EndGlobalSection
	GlobalSection(ProjectConfigurationPlatforms) = postSolution
		{448BEA5C-1AF6-43A9-8922-EDF901115056}.Debug|Any CPU.ActiveCfg = Debug|Any CPU
		{448BEA5C-1AF6-43A9-8922-EDF901115056}.Debug|Any CPU.Build.0 = Debug|Any CPU
		{448BEA5C-1AF6-43A9-8922-EDF901115056}.Release|Any CPU.ActiveCfg = Release|Any CPU
		{448BEA5C-1AF6-43A9-8922-EDF901115056}.Release|Any CPU.Build.0 = Release|Any CPU
	EndGlobalSection
	GlobalSection(SolutionProperties) = preSolution
		HideSolutionNode = FALSE
	EndGlobalSection
	GlobalSection(ExtensibilityGlobals) = postSolution
		SolutionGuid = {19D8350B-BD3A-43D7-B7B0-19DF465B754B}
	EndGlobalSection
EndGlobal
